
Microsoft Visual Studio Solution File, Format Version 12.00
# Visual Studio 2012
Project("{FAE04EC0-301F-11D3-BF4B-00C04F79EFBC}") = "BodyCount", "BodyCount\BodyCount.csproj", "{F1827684-931D-4ACE-B791-56CF35C3613A}"
EndProject
Project("{FAE04EC0-301F-11D3-BF4B-00C04F79EFBC}") = "DetectFacebyFace++", "DetectFacebyFace++\DetectFacebyFace++.csproj", "{160F90EB-6DC9-41F3-AF7A-32C5D379AD14}"
EndProject
Project("{FAE04EC0-301F-11D3-BF4B-00C04F79EFBC}") = "Face++", "Face++\Face++.csproj", "{4982282E-F391-4C67-900A-69BBF51CD5C9}"
EndProject
Global
	GlobalSection(SolutionConfigurationPlatforms) = preSolution
		Debug|Any CPU = Debug|Any CPU
		Release|Any CPU = Release|Any CPU
	EndGlobalSection
	GlobalSection(ProjectConfigurationPlatforms) = postSolution
		{F1827684-931D-4ACE-B791-56CF35C3613A}.Debug|Any CPU.ActiveCfg = Debug|Any CPU
		{F1827684-931D-4ACE-B791-56CF35C3613A}.Debug|Any CPU.Build.0 = Debug|Any CPU
		{F1827684-931D-4ACE-B791-56CF35C3613A}.Release|Any CPU.ActiveCfg = Release|Any CPU
		{F1827684-931D-4ACE-B791-56CF35C3613A}.Release|Any CPU.Build.0 = Release|Any CPU
		{160F90EB-6DC9-41F3-AF7A-32C5D379AD14}.Debug|Any CPU.ActiveCfg = Debug|Any CPU
		{160F90EB-6DC9-41F3-AF7A-32C5D379AD14}.Debug|Any CPU.Build.0 = Debug|Any CPU
		{160F90EB-6DC9-41F3-AF7A-32C5D379AD14}.Release|Any CPU.ActiveCfg = Release|Any CPU
		{160F90EB-6DC9-41F3-AF7A-32C5D379AD14}.Release|Any CPU.Build.0 = Release|Any CPU
		{4982282E-F391-4C67-900A-69BBF51CD5C9}.Debug|Any CPU.ActiveCfg = Debug|Any CPU
		{4982282E-F391-4C67-900A-69BBF51CD5C9}.Debug|Any CPU.Build.0 = Debug|Any CPU
		{4982282E-F391-4C67-900A-69BBF51CD5C9}.Release|Any CPU.ActiveCfg = Release|Any CPU
		{4982282E-F391-4C67-900A-69BBF51CD5C9}.Release|Any CPU.Build.0 = Release|Any CPU
	EndGlobalSection
	GlobalSection(SolutionProperties) = preSolution
		HideSolutionNode = FALSE
	EndGlobalSection
EndGlobal
